
Microsoft Visual Studio Solution File, Format Version 11.00
# Visual Studio 2010
Project("{F184B08F-C81C-45F6-A57F-5ABD9991F28F}") = "ITC18forWin7", "ITC18forWin7.vbproj", "{184C5F42-607C-42CF-B9E0-C7CACD2890BF}"
EndProject
Global
	GlobalSection(SolutionConfigurationPlatforms) = preSolution
		Debug|x86 = Debug|x86
		Release|x86 = Release|x86
	EndGlobalSection
	GlobalSection(ProjectConfigurationPlatforms) = postSolution
		{184C5F42-607C-42CF-B9E0-C7CACD2890BF}.Debug|x86.ActiveCfg = Debug|x86
		{184C5F42-607C-42CF-B9E0-C7CACD2890BF}.Debug|x86.Build.0 = Debug|x86
		{184C5F42-607C-42CF-B9E0-C7CACD2890BF}.Release|x86.ActiveCfg = Release|x86
		{184C5F42-607C-42CF-B9E0-C7CACD2890BF}.Release|x86.Build.0 = Release|x86
	EndGlobalSection
	GlobalSection(SolutionProperties) = preSolution
		HideSolutionNode = FALSE
	EndGlobalSection
EndGlobal
